<?xml version="1.0" encoding="utf-8"?>
<Project ToolsVersion="4.0" xmlns="http://schemas.microsoft.com/developer/msbuild/2003">
  <ItemGroup>
    <Filter Include="소스 파일">
      <UniqueIdentifier>{4FC737F1-C7A5-4376-A066-2A32D752A2FF}</UniqueIdentifier>
      <Extensions>cpp;c;cc;cxx;c++;cppm;ixx;def;odl;idl;hpj;bat;asm;asmx</Extensions>
    </Filter>
    <Filter Include="Job">
      <UniqueIdentifier>{ca0ee171-9cb6-4f02-85bd-635bc15e4542}</UniqueIdentifier>
    </Filter>
    <Filter Include="LoginChatServer">
      <UniqueIdentifier>{66e97314-1313-4b8e-8f2b-1a5a37d20943}</UniqueIdentifier>
    </Filter>
    <Filter Include="MakePacket">
      <UniqueIdentifier>{eb0f3a37-acf8-4e18-b9bc-c76ea3744ad9}</UniqueIdentifier>
    </Filter>
    <Filter Include="RecvLayer">
      <UniqueIdentifier>{7086a1be-a219-4aad-b2e7-478e4ba2e369}</UniqueIdentifier>
    </Filter>
    <Filter Include="Sector">
      <UniqueIdentifier>{206b6ac8-9115-49bc-9bac-d4353c023914}</UniqueIdentifier>
    </Filter>
    <Filter Include="Config">
      <UniqueIdentifier>{81e3fddf-9ebd-4a9e-9b2f-b498c2f23d18}</UniqueIdentifier>
    </Filter>
    <Filter Include="Dependency">
      <UniqueIdentifier>{46a19f8e-cf88-45b2-8017-bbfeeb6673bf}</UniqueIdentifier>
    </Filter>
  </ItemGroup>
  <ItemGroup>
    <ClInclude Include="RecvLayer.h">
      <Filter>RecvLayer</Filter>
    </ClInclude>
    <ClInclude Include="DuplicateLogin.h">
      <Filter>RecvLayer</Filter>
    </ClInclude>
    <ClInclude Include="Sector.h">
      <Filter>Sector</Filter>
    </ClInclude>
    <ClInclude Include="SCCContents.h">
      <Filter>MakePacket</Filter>
    </ClInclude>
    <ClInclude Include="Player.h">
      <Filter>LoginChatServer</Filter>
    </ClInclude>
    <ClInclude Include="LoginChatServer.h">
      <Filter>LoginChatServer</Filter>
    </ClInclude>
    <ClInclude Include="JobProcessLayer.h">
      <Filter>Job</Filter>
    </ClInclude>
    <ClInclude Include="Job.h">
      <Filter>Job</Filter>
    </ClInclude>
    <ClInclude Include="CommonProtocol.h">
      <Filter>MakePacket</Filter>
    </ClInclude>
    <ClInclude Include="..\GameServerLib\SerialContent.h">
      <Filter>Dependency</Filter>
    </ClInclude>
    <ClInclude Include="..\GameServerLib\ThreadMessage.h">
      <Filter>Dependency</Filter>
    </ClInclude>
    <ClInclude Include="..\GameServerLib\ContentsBase.h">
      <Filter>Dependency</Filter>
    </ClInclude>
    <ClInclude Include="..\GameServerLib\ContentsType.h">
      <Filter>Dependency</Filter>
    </ClInclude>
    <ClInclude Include="..\GameServerLib\ErrType.h">
      <Filter>Dependency</Filter>
    </ClInclude>
    <ClInclude Include="..\GameServerLib\GameServer.h">
      <Filter>Dependency</Filter>
    </ClInclude>
    <ClInclude Include="..\GameServerLib\GameServerTimeOut.h">
      <Filter>Dependency</Filter>
    </ClInclude>
    <ClInclude Include="..\GameServerLib\GameSession.h">
      <Filter>Dependency</Filter>
    </ClInclude>
    <ClInclude Include="..\GameServerLib\ParallelContent.h">
      <Filter>Dependency</Filter>
    </ClInclude>
    <ClInclude Include="..\SerialLizeBuffer_AND_RingBuffer\RingBuffer.h">
      <Filter>Dependency</Filter>
    </ClInclude>
    <ClInclude Include="..\PdhMonitor\HMonitor.h">
      <Filter>Dependency</Filter>
    </ClInclude>
    <ClInclude Include="..\DataStructure\CLinkedList.h">
      <Filter>Dependency</Filter>
    </ClInclude>
    <ClInclude Include="..\DataStructure\CLockFreeQueue.h">
      <Filter>Dependency</Filter>
    </ClInclude>
    <ClInclude Include="..\DataStructure\CLockFreeStack.h">
      <Filter>Dependency</Filter>
    </ClInclude>
    <ClInclude Include="..\DataStructure\CTlsObjectPool.h">
      <Filter>Dependency</Filter>
    </ClInclude>
    <ClInclude Include="..\DataStructure\CAddressTranslator.h">
      <Filter>Dependency</Filter>
    </ClInclude>
    <ClInclude Include="..\Scheduler\Scheduler.h">
      <Filter>Dependency</Filter>
    </ClInclude>
    <ClInclude Include="..\Scheduler\UpdateBase.h">
      <Filter>Dependency</Filter>
    </ClInclude>
    <ClInclude Include="..\Common\MYOVERLAPPED.h">
      <Filter>Dependency</Filter>
    </ClInclude>
  </ItemGroup>
  <ItemGroup>
    <ClCompile Include="main.cpp">
      <Filter>소스 파일</Filter>
    </ClCompile>
    <ClCompile Include="DuplicateLogin.cpp">
      <Filter>RecvLayer</Filter>
    </ClCompile>
    <ClCompile Include="RecvLayer.cpp">
      <Filter>RecvLayer</Filter>
    </ClCompile>
    <ClCompile Include="Sector.cpp">
      <Filter>Sector</Filter>
    </ClCompile>
    <ClCompile Include="SCCContents.cpp">
      <Filter>MakePacket</Filter>
    </ClCompile>
    <ClCompile Include="LoginChatServer.cpp">
      <Filter>LoginChatServer</Filter>
    </ClCompile>
    <ClCompile Include="Job.cpp">
      <Filter>Job</Filter>
    </ClCompile>
    <ClCompile Include="JobProcessLayer.cpp">
      <Filter>Job</Filter>
    </ClCompile>
    <ClCompile Include="..\GameServerLib\SerialContent.cpp">
      <Filter>Dependency</Filter>
    </ClCompile>
    <ClCompile Include="..\GameServerLib\ContentsBase.cpp">
      <Filter>Dependency</Filter>
    </ClCompile>
    <ClCompile Include="..\GameServerLib\GameServer.cpp">
      <Filter>Dependency</Filter>
    </ClCompile>
    <ClCompile Include="..\GameServerLib\GameServerTimeOut.cpp">
      <Filter>Dependency</Filter>
    </ClCompile>
    <ClCompile Include="..\GameServerLib\GameSession.cpp">
      <Filter>Dependency</Filter>
    </ClCompile>
    <ClCompile Include="..\GameServerLib\ParallelContent.cpp">
      <Filter>Dependency</Filter>
    </ClCompile>
    <ClCompile Include="..\SerialLizeBuffer_AND_RingBuffer\RingBuffer.cpp">
      <Filter>Dependency</Filter>
    </ClCompile>
    <ClCompile Include="..\PdhMonitor\HMonitor.cpp">
      <Filter>Dependency</Filter>
    </ClCompile>
    <ClCompile Include="..\DataStructure\CLinkedList.cpp">
      <Filter>Dependency</Filter>
    </ClCompile>
    <ClCompile Include="..\Scheduler\UpdateBase.cpp">
      <Filter>Dependency</Filter>
    </ClCompile>
    <ClCompile Include="..\Scheduler\Scheduler.cpp">
      <Filter>Dependency</Filter>
    </ClCompile>
  </ItemGroup>
  <ItemGroup>
    <Text Include="LoginChatConfig.txt">
      <Filter>Config</Filter>
    </Text>
  </ItemGroup>
</Project>