
Microsoft Visual Studio Solution File, Format Version 12.00
# Visual Studio Version 17
VisualStudioVersion = 17.11.35219.272
MinimumVisualStudioVersion = 10.0.40219.1
Project("{8BC9CEB8-8B4A-11D0-8D11-00A0C91BC942}") = "ChatServer-Redis_Multi", "ChatServer-Redis_Multi\ChatServer-Redis_Multi.vcxproj", "{44989474-01A9-4EB6-8163-DAE0E33D28D1}"
EndProject
Project("{8BC9CEB8-8B4A-11D0-8D11-00A0C91BC942}") = "ChatServer-Redis_Single", "ChatServer-Redis_Single\ChatServer-Redis_Single.vcxproj", "{075DE9E7-57AF-4FE4-8632-D52288FE04C3}"
EndProject
Project("{8BC9CEB8-8B4A-11D0-8D11-00A0C91BC942}") = "MonitorServer", "MonitorServer\MonitorServer.vcxproj", "{1DC575DA-97A4-4DDF-9188-BF81FD0953EC}"
EndProject
Project("{8BC9CEB8-8B4A-11D0-8D11-00A0C91BC942}") = "LoginServer", "LoginServer\LoginServer.vcxproj", "{9E43EDAE-864A-40F2-AA1F-542CF3615DBE}"
EndProject
Project("{8BC9CEB8-8B4A-11D0-8D11-00A0C91BC942}") = "ChatDummyClient", "ChatDummyClient\ChatDummyClient.vcxproj", "{A5D22122-F2EA-43C6-8169-F6E74B468CA7}"
EndProject
Project("{8BC9CEB8-8B4A-11D0-8D11-00A0C91BC942}") = "ChatDistributeClient", "ChatDistributeClient\ChatDistributeClient.vcxproj", "{23AD769F-9AD6-49A3-9013-A733720D63D4}"
EndProject
Project("{8BC9CEB8-8B4A-11D0-8D11-00A0C91BC942}") = "LoggerMT", "Logger\LoggerMT.vcxproj", "{5D2D858E-3FF4-4AAE-B624-19CE57651F71}"
EndProject
Project("{8BC9CEB8-8B4A-11D0-8D11-00A0C91BC942}") = "TlsMalloc", "TlsMalloc\TlsMalloc.vcxproj", "{C2662D83-F755-4C53-845E-96979402E4EB}"
EndProject
Project("{8BC9CEB8-8B4A-11D0-8D11-00A0C91BC942}") = "LockFreeVersusSpinLock", "LockFreeVersusSpinLock\LockFreeVersusSpinLock.vcxproj", "{6C97FC85-5679-4877-9A10-F20E048F4FD0}"
EndProject
Project("{8BC9CEB8-8B4A-11D0-8D11-00A0C91BC942}") = "PathFInd_GUI_TEST", "PathFInd_GUI_TEST\PathFInd_GUI_TEST.vcxproj", "{B1E60572-CBF8-4306-86B6-3CB85698CBEE}"
EndProject
Global
	GlobalSection(SolutionConfigurationPlatforms) = preSolution
		Debug|x64 = Debug|x64
		Debug|x86 = Debug|x86
		Release|x64 = Release|x64
		Release|x86 = Release|x86
	EndGlobalSection
	GlobalSection(ProjectConfigurationPlatforms) = postSolution
		{44989474-01A9-4EB6-8163-DAE0E33D28D1}.Debug|x64.ActiveCfg = Debug|x64
		{44989474-01A9-4EB6-8163-DAE0E33D28D1}.Debug|x64.Build.0 = Debug|x64
		{44989474-01A9-4EB6-8163-DAE0E33D28D1}.Debug|x86.ActiveCfg = Debug|Win32
		{44989474-01A9-4EB6-8163-DAE0E33D28D1}.Debug|x86.Build.0 = Debug|Win32
		{44989474-01A9-4EB6-8163-DAE0E33D28D1}.Release|x64.ActiveCfg = Release|x64
		{44989474-01A9-4EB6-8163-DAE0E33D28D1}.Release|x64.Build.0 = Release|x64
		{44989474-01A9-4EB6-8163-DAE0E33D28D1}.Release|x86.ActiveCfg = Release|Win32
		{44989474-01A9-4EB6-8163-DAE0E33D28D1}.Release|x86.Build.0 = Release|Win32
		{075DE9E7-57AF-4FE4-8632-D52288FE04C3}.Debug|x64.ActiveCfg = Debug|x64
		{075DE9E7-57AF-4FE4-8632-D52288FE04C3}.Debug|x64.Build.0 = Debug|x64
		{075DE9E7-57AF-4FE4-8632-D52288FE04C3}.Debug|x86.ActiveCfg = Debug|Win32
		{075DE9E7-57AF-4FE4-8632-D52288FE04C3}.Debug|x86.Build.0 = Debug|Win32
		{075DE9E7-57AF-4FE4-8632-D52288FE04C3}.Release|x64.ActiveCfg = Release|x64
		{075DE9E7-57AF-4FE4-8632-D52288FE04C3}.Release|x64.Build.0 = Release|x64
		{075DE9E7-57AF-4FE4-8632-D52288FE04C3}.Release|x86.ActiveCfg = Release|Win32
		{075DE9E7-57AF-4FE4-8632-D52288FE04C3}.Release|x86.Build.0 = Release|Win32
		{1DC575DA-97A4-4DDF-9188-BF81FD0953EC}.Debug|x64.ActiveCfg = Debug|x64
		{1DC575DA-97A4-4DDF-9188-BF81FD0953EC}.Debug|x64.Build.0 = Debug|x64
		{1DC575DA-97A4-4DDF-9188-BF81FD0953EC}.Debug|x86.ActiveCfg = Debug|Win32
		{1DC575DA-97A4-4DDF-9188-BF81FD0953EC}.Debug|x86.Build.0 = Debug|Win32
		{1DC575DA-97A4-4DDF-9188-BF81FD0953EC}.Release|x64.ActiveCfg = Release|x64
		{1DC575DA-97A4-4DDF-9188-BF81FD0953EC}.Release|x64.Build.0 = Release|x64
		{1DC575DA-97A4-4DDF-9188-BF81FD0953EC}.Release|x86.ActiveCfg = Release|Win32
		{1DC575DA-97A4-4DDF-9188-BF81FD0953EC}.Release|x86.Build.0 = Release|Win32
		{9E43EDAE-864A-40F2-AA1F-542CF3615DBE}.Debug|x64.ActiveCfg = Debug|x64
		{9E43EDAE-864A-40F2-AA1F-542CF3615DBE}.Debug|x64.Build.0 = Debug|x64
		{9E43EDAE-864A-40F2-AA1F-542CF3615DBE}.Debug|x86.ActiveCfg = Debug|Win32
		{9E43EDAE-864A-40F2-AA1F-542CF3615DBE}.Debug|x86.Build.0 = Debug|Win32
		{9E43EDAE-864A-40F2-AA1F-542CF3615DBE}.Release|x64.ActiveCfg = Release|x64
		{9E43EDAE-864A-40F2-AA1F-542CF3615DBE}.Release|x64.Build.0 = Release|x64
		{9E43EDAE-864A-40F2-AA1F-542CF3615DBE}.Release|x86.ActiveCfg = Release|Win32
		{9E43EDAE-864A-40F2-AA1F-542CF3615DBE}.Release|x86.Build.0 = Release|Win32
		{A5D22122-F2EA-43C6-8169-F6E74B468CA7}.Debug|x64.ActiveCfg = Debug|x64
		{A5D22122-F2EA-43C6-8169-F6E74B468CA7}.Debug|x64.Build.0 = Debug|x64
		{A5D22122-F2EA-43C6-8169-F6E74B468CA7}.Debug|x86.ActiveCfg = Debug|Win32
		{A5D22122-F2EA-43C6-8169-F6E74B468CA7}.Debug|x86.Build.0 = Debug|Win32
		{A5D22122-F2EA-43C6-8169-F6E74B468CA7}.Release|x64.ActiveCfg = Release|x64
		{A5D22122-F2EA-43C6-8169-F6E74B468CA7}.Release|x64.Build.0 = Release|x64
		{A5D22122-F2EA-43C6-8169-F6E74B468CA7}.Release|x86.ActiveCfg = Release|Win32
		{A5D22122-F2EA-43C6-8169-F6E74B468CA7}.Release|x86.Build.0 = Release|Win32
		{23AD769F-9AD6-49A3-9013-A733720D63D4}.Debug|x64.ActiveCfg = Debug|x64
		{23AD769F-9AD6-49A3-9013-A733720D63D4}.Debug|x64.Build.0 = Debug|x64
		{23AD769F-9AD6-49A3-9013-A733720D63D4}.Debug|x86.ActiveCfg = Debug|Win32
		{23AD769F-9AD6-49A3-9013-A733720D63D4}.Debug|x86.Build.0 = Debug|Win32
		{23AD769F-9AD6-49A3-9013-A733720D63D4}.Release|x64.ActiveCfg = Release|x64
		{23AD769F-9AD6-49A3-9013-A733720D63D4}.Release|x64.Build.0 = Release|x64
		{23AD769F-9AD6-49A3-9013-A733720D63D4}.Release|x86.ActiveCfg = Release|Win32
		{23AD769F-9AD6-49A3-9013-A733720D63D4}.Release|x86.Build.0 = Release|Win32
		{5D2D858E-3FF4-4AAE-B624-19CE57651F71}.Debug|x64.ActiveCfg = Debug|x64
		{5D2D858E-3FF4-4AAE-B624-19CE57651F71}.Debug|x64.Build.0 = Debug|x64
		{5D2D858E-3FF4-4AAE-B624-19CE57651F71}.Debug|x86.ActiveCfg = Debug|Win32
		{5D2D858E-3FF4-4AAE-B624-19CE57651F71}.Debug|x86.Build.0 = Debug|Win32
		{5D2D858E-3FF4-4AAE-B624-19CE57651F71}.Release|x64.ActiveCfg = Release|x64
		{5D2D858E-3FF4-4AAE-B624-19CE57651F71}.Release|x64.Build.0 = Release|x64
		{5D2D858E-3FF4-4AAE-B624-19CE57651F71}.Release|x86.ActiveCfg = Release|Win32
		{5D2D858E-3FF4-4AAE-B624-19CE57651F71}.Release|x86.Build.0 = Release|Win32
		{C2662D83-F755-4C53-845E-96979402E4EB}.Debug|x64.ActiveCfg = Debug|x64
		{C2662D83-F755-4C53-845E-96979402E4EB}.Debug|x64.Build.0 = Debug|x64
		{C2662D83-F755-4C53-845E-96979402E4EB}.Debug|x86.ActiveCfg = Debug|Win32
		{C2662D83-F755-4C53-845E-96979402E4EB}.Debug|x86.Build.0 = Debug|Win32
		{C2662D83-F755-4C53-845E-96979402E4EB}.Release|x64.ActiveCfg = Release|x64
		{C2662D83-F755-4C53-845E-96979402E4EB}.Release|x64.Build.0 = Release|x64
		{C2662D83-F755-4C53-845E-96979402E4EB}.Release|x86.ActiveCfg = Release|Win32
		{C2662D83-F755-4C53-845E-96979402E4EB}.Release|x86.Build.0 = Release|Win32
		{6C97FC85-5679-4877-9A10-F20E048F4FD0}.Debug|x64.ActiveCfg = Debug|x64
		{6C97FC85-5679-4877-9A10-F20E048F4FD0}.Debug|x64.Build.0 = Debug|x64
		{6C97FC85-5679-4877-9A10-F20E048F4FD0}.Debug|x86.ActiveCfg = Debug|Win32
		{6C97FC85-5679-4877-9A10-F20E048F4FD0}.Debug|x86.Build.0 = Debug|Win32
		{6C97FC85-5679-4877-9A10-F20E048F4FD0}.Release|x64.ActiveCfg = Release|x64
		{6C97FC85-5679-4877-9A10-F20E048F4FD0}.Release|x64.Build.0 = Release|x64
		{6C97FC85-5679-4877-9A10-F20E048F4FD0}.Release|x86.ActiveCfg = Release|Win32
		{6C97FC85-5679-4877-9A10-F20E048F4FD0}.Release|x86.Build.0 = Release|Win32
		{B1E60572-CBF8-4306-86B6-3CB85698CBEE}.Debug|x64.ActiveCfg = Debug|x64
		{B1E60572-CBF8-4306-86B6-3CB85698CBEE}.Debug|x64.Build.0 = Debug|x64
		{B1E60572-CBF8-4306-86B6-3CB85698CBEE}.Debug|x86.ActiveCfg = Debug|Win32
		{B1E60572-CBF8-4306-86B6-3CB85698CBEE}.Debug|x86.Build.0 = Debug|Win32
		{B1E60572-CBF8-4306-86B6-3CB85698CBEE}.Release|x64.ActiveCfg = Release|x64
		{B1E60572-CBF8-4306-86B6-3CB85698CBEE}.Release|x64.Build.0 = Release|x64
		{B1E60572-CBF8-4306-86B6-3CB85698CBEE}.Release|x86.ActiveCfg = Release|Win32
		{B1E60572-CBF8-4306-86B6-3CB85698CBEE}.Release|x86.Build.0 = Release|Win32
	EndGlobalSection
	GlobalSection(SolutionProperties) = preSolution
		HideSolutionNode = FALSE
	EndGlobalSection
	GlobalSection(ExtensibilityGlobals) = postSolution
		SolutionGuid = {EF233157-0AF2-47B9-AAF8-E1C18212D29A}
	EndGlobalSection
EndGlobal
