<?xml version="1.0" encoding="utf-8"?>
<Project ToolsVersion="4.0" xmlns="http://schemas.microsoft.com/developer/msbuild/2003">
  <ItemGroup>
    <Filter Include="소스 파일">
      <UniqueIdentifier>{4FC737F1-C7A5-4376-A066-2A32D752A2FF}</UniqueIdentifier>
      <Extensions>cpp;c;cc;cxx;c++;cppm;ixx;def;odl;idl;hpj;bat;asm;asmx</Extensions>
    </Filter>
    <Filter Include="헤더 파일">
      <UniqueIdentifier>{93995380-89BD-4b04-88EB-625FBE52EBFB}</UniqueIdentifier>
      <Extensions>h;hh;hpp;hxx;h++;hm;inl;inc;ipp;xsd</Extensions>
    </Filter>
    <Filter Include="리소스 파일">
      <UniqueIdentifier>{67DA6AB6-F800-4c08-8B7A-83BB121AAD01}</UniqueIdentifier>
      <Extensions>rc;ico;cur;bmp;dlg;rc2;rct;bin;rgs;gif;jpg;jpeg;jpe;resx;tiff;tif;png;wav;mfcribbon-ms</Extensions>
    </Filter>
    <Filter Include="Config">
      <UniqueIdentifier>{9618fedf-939f-4182-b350-0d3fd3422cfd}</UniqueIdentifier>
    </Filter>
    <Filter Include="ChatDistributeClient">
      <UniqueIdentifier>{7bdbda1d-8197-4087-a03f-197d8ec2ebb0}</UniqueIdentifier>
    </Filter>
    <Filter Include="NetClient">
      <UniqueIdentifier>{1e6a5484-5f68-411e-9e80-2a0fa19c2f1a}</UniqueIdentifier>
    </Filter>
    <Filter Include="Dependency">
      <UniqueIdentifier>{109c8c43-b44a-431c-a072-377a27d1c4f4}</UniqueIdentifier>
    </Filter>
  </ItemGroup>
  <ItemGroup>
    <ClInclude Include="framework.h">
      <Filter>헤더 파일</Filter>
    </ClInclude>
    <ClInclude Include="targetver.h">
      <Filter>헤더 파일</Filter>
    </ClInclude>
    <ClInclude Include="Resource.h">
      <Filter>헤더 파일</Filter>
    </ClInclude>
    <ClInclude Include="HeartBeatUpdate.h">
      <Filter>ChatDistributeClient</Filter>
    </ClInclude>
    <ClInclude Include="ChatDistributionClient.h">
      <Filter>ChatDistributeClient</Filter>
    </ClInclude>
    <ClInclude Include="DistributionClientConstant.h">
      <Filter>ChatDistributeClient</Filter>
    </ClInclude>
    <ClInclude Include="..\NetClient\NetClient.h">
      <Filter>NetClient</Filter>
    </ClInclude>
    <ClInclude Include="..\NetClient\NetClientSession.h">
      <Filter>NetClient</Filter>
    </ClInclude>
    <ClInclude Include="..\SerialLizeBuffer_AND_RingBuffer\RingBuffer.h">
      <Filter>Dependency</Filter>
    </ClInclude>
    <ClInclude Include="..\SerialLizeBuffer_AND_RingBuffer\Packet.h">
      <Filter>Dependency</Filter>
    </ClInclude>
    <ClInclude Include="..\Scheduler\Scheduler.h">
      <Filter>Dependency</Filter>
    </ClInclude>
    <ClInclude Include="..\Scheduler\UpdateBase.h">
      <Filter>Dependency</Filter>
    </ClInclude>
    <ClInclude Include="ChatDistributeClient.h">
      <Filter>ChatDistributeClient</Filter>
    </ClInclude>
  </ItemGroup>
  <ItemGroup>
    <ClCompile Include="HeartBeatUpdate.cpp">
      <Filter>ChatDistributeClient</Filter>
    </ClCompile>
    <ClCompile Include="ChatDistributionClient.cpp">
      <Filter>ChatDistributeClient</Filter>
    </ClCompile>
    <ClCompile Include="..\NetClient\NetClientSession.cpp">
      <Filter>NetClient</Filter>
    </ClCompile>
    <ClCompile Include="..\NetClient\NetClient.cpp">
      <Filter>NetClient</Filter>
    </ClCompile>
    <ClCompile Include="main.cpp">
      <Filter>소스 파일</Filter>
    </ClCompile>
    <ClCompile Include="..\SerialLizeBuffer_AND_RingBuffer\RingBuffer.cpp">
      <Filter>Dependency</Filter>
    </ClCompile>
    <ClCompile Include="..\Scheduler\Scheduler.cpp">
      <Filter>Dependency</Filter>
    </ClCompile>
    <ClCompile Include="..\Scheduler\UpdateBase.cpp">
      <Filter>Dependency</Filter>
    </ClCompile>
  </ItemGroup>
  <ItemGroup>
    <ResourceCompile Include="ChatDistributeClient.rc">
      <Filter>리소스 파일</Filter>
    </ResourceCompile>
  </ItemGroup>
  <ItemGroup>
    <Image Include="small.ico">
      <Filter>리소스 파일</Filter>
    </Image>
    <Image Include="ChatDistributeClient.ico">
      <Filter>리소스 파일</Filter>
    </Image>
  </ItemGroup>
  <ItemGroup>
    <Text Include="DistributionClientConfig.txt">
      <Filter>Config</Filter>
    </Text>
  </ItemGroup>
</Project>