
Microsoft Visual Studio Solution File, Format Version 12.00
# Visual Studio Version 17
VisualStudioVersion = 17.11.35219.272
MinimumVisualStudioVersion = 10.0.40219.1
Project("{8BC9CEB8-8B4A-11D0-8D11-00A0C91BC942}") = "TlsMalloc", "TlsMalloc.vcxproj", "{C2662D83-F755-4C53-845E-96979402E4EB}"
EndProject
Global
	GlobalSection(SolutionConfigurationPlatforms) = preSolution
		Debug|x64 = Debug|x64
		Debug|x86 = Debug|x86
		Release|x64 = Release|x64
		Release|x86 = Release|x86
	EndGlobalSection
	GlobalSection(ProjectConfigurationPlatforms) = postSolution
		{C2662D83-F755-4C53-845E-96979402E4EB}.Debug|x64.ActiveCfg = Debug|x64
		{C2662D83-F755-4C53-845E-96979402E4EB}.Debug|x64.Build.0 = Debug|x64
		{C2662D83-F755-4C53-845E-96979402E4EB}.Debug|x86.ActiveCfg = Debug|Win32
		{C2662D83-F755-4C53-845E-96979402E4EB}.Debug|x86.Build.0 = Debug|Win32
		{C2662D83-F755-4C53-845E-96979402E4EB}.Release|x64.ActiveCfg = Release|x64
		{C2662D83-F755-4C53-845E-96979402E4EB}.Release|x64.Build.0 = Release|x64
		{C2662D83-F755-4C53-845E-96979402E4EB}.Release|x86.ActiveCfg = Release|Win32
		{C2662D83-F755-4C53-845E-96979402E4EB}.Release|x86.Build.0 = Release|Win32
	EndGlobalSection
	GlobalSection(SolutionProperties) = preSolution
		HideSolutionNode = FALSE
	EndGlobalSection
	GlobalSection(ExtensibilityGlobals) = postSolution
		SolutionGuid = {5E1E4756-6A2A-4D95-A0CD-19E0173BA073}
	EndGlobalSection
EndGlobal
